
Microsoft Visual Studio Solution File, Format Version 12.00
# Visual Studio Version 17
VisualStudioVersion = 17.13.35931.197
MinimumVisualStudioVersion = 10.0.40219.1
Project("{FAE04EC0-301F-11D3-BF4B-00C04F79EFBC}") = "ITventory", "ITventory\ITventory.csproj", "{0C9DC49A-335A-40C1-9642-1C5EEDC95E79}"
EndProject
Project("{2150E333-8FDC-42A3-9474-1A3956D46DE8}") = "src", "src", "{02EA681E-C7D8-13C7-8484-4AC65E1B71E8}"
	ProjectSection(SolutionItems) = preProject
		docker-compose.yml = docker-compose.yml
	EndProjectSection
EndProject
Project("{FAE04EC0-301F-11D3-BF4B-00C04F79EFBC}") = "ITventory.Domain", "ITventory.Domain\ITventory.Domain.csproj", "{F546090C-5B4B-43DB-98E1-AE9C01A1AF24}"
EndProject
Project("{FAE04EC0-301F-11D3-BF4B-00C04F79EFBC}") = "ITventory.Shared.Abstractions", "ITventory.Shared.Abstractions\ITventory.Shared.Abstractions.csproj", "{0B0E5242-32DF-4912-BE92-9E5F5249BCCA}"
EndProject
Project("{2150E333-8FDC-42A3-9474-1A3956D46DE8}") = "Tests", "Tests", "{E60AB95B-47C3-4620-9FA4-3C7FF8B73E26}"
EndProject
Project("{FAE04EC0-301F-11D3-BF4B-00C04F79EFBC}") = "ITventory.Tests.Unit", "Tests\ITventory.Tests.Unit\ITventory.Tests.Unit.csproj", "{F0149081-50FA-465F-956B-B6F72CEBB591}"
EndProject
Project("{FAE04EC0-301F-11D3-BF4B-00C04F79EFBC}") = "ITventory.Tests.Integration", "Tests\ITventory.Tests.Integration\ITventory.Tests.Integration.csproj", "{A1B2C3D4-5E6F-7890-ABCD-EF1234567890}"
EndProject
Project("{FAE04EC0-301F-11D3-BF4B-00C04F79EFBC}") = "ITventory.Application", "ITventory.Application\ITventory.Application.csproj", "{1FB0F120-716E-40E4-BE69-D404C4536B53}"
EndProject
Project("{FAE04EC0-301F-11D3-BF4B-00C04F79EFBC}") = "ITventory.Shared", "ITventory.Shared\ITventory.Shared.csproj", "{9D99E75B-DE08-4201-97BD-77DFC36F1E83}"
EndProject
Project("{FAE04EC0-301F-11D3-BF4B-00C04F79EFBC}") = "ITventory.Infrastructure", "ITventory.Infrastructure\ITventory.Infrastructure.csproj", "{63705615-137C-4B06-8D0C-A0FE40C69D75}"
EndProject
Global
	GlobalSection(SolutionConfigurationPlatforms) = preSolution
		Debug|Any CPU = Debug|Any CPU
		Release|Any CPU = Release|Any CPU
	EndGlobalSection
	GlobalSection(ProjectConfigurationPlatforms) = postSolution
		{0C9DC49A-335A-40C1-9642-1C5EEDC95E79}.Debug|Any CPU.ActiveCfg = Debug|Any CPU
		{0C9DC49A-335A-40C1-9642-1C5EEDC95E79}.Debug|Any CPU.Build.0 = Debug|Any CPU
		{0C9DC49A-335A-40C1-9642-1C5EEDC95E79}.Release|Any CPU.ActiveCfg = Release|Any CPU
		{0C9DC49A-335A-40C1-9642-1C5EEDC95E79}.Release|Any CPU.Build.0 = Release|Any CPU
		{F546090C-5B4B-43DB-98E1-AE9C01A1AF24}.Debug|Any CPU.ActiveCfg = Debug|Any CPU
		{F546090C-5B4B-43DB-98E1-AE9C01A1AF24}.Debug|Any CPU.Build.0 = Debug|Any CPU
		{F546090C-5B4B-43DB-98E1-AE9C01A1AF24}.Release|Any CPU.ActiveCfg = Release|Any CPU
		{F546090C-5B4B-43DB-98E1-AE9C01A1AF24}.Release|Any CPU.Build.0 = Release|Any CPU
		{0B0E5242-32DF-4912-BE92-9E5F5249BCCA}.Debug|Any CPU.ActiveCfg = Debug|Any CPU
		{0B0E5242-32DF-4912-BE92-9E5F5249BCCA}.Debug|Any CPU.Build.0 = Debug|Any CPU
		{0B0E5242-32DF-4912-BE92-9E5F5249BCCA}.Release|Any CPU.ActiveCfg = Release|Any CPU
		{0B0E5242-32DF-4912-BE92-9E5F5249BCCA}.Release|Any CPU.Build.0 = Release|Any CPU
		{F0149081-50FA-465F-956B-B6F72CEBB591}.Debug|Any CPU.ActiveCfg = Debug|Any CPU
		{F0149081-50FA-465F-956B-B6F72CEBB591}.Debug|Any CPU.Build.0 = Debug|Any CPU
		{F0149081-50FA-465F-956B-B6F72CEBB591}.Release|Any CPU.ActiveCfg = Release|Any CPU
		{F0149081-50FA-465F-956B-B6F72CEBB591}.Release|Any CPU.Build.0 = Release|Any CPU
		{A1B2C3D4-5E6F-7890-ABCD-EF1234567890}.Debug|Any CPU.ActiveCfg = Debug|Any CPU
		{A1B2C3D4-5E6F-7890-ABCD-EF1234567890}.Debug|Any CPU.Build.0 = Debug|Any CPU
		{A1B2C3D4-5E6F-7890-ABCD-EF1234567890}.Release|Any CPU.ActiveCfg = Release|Any CPU
		{A1B2C3D4-5E6F-7890-ABCD-EF1234567890}.Release|Any CPU.Build.0 = Release|Any CPU
		{1FB0F120-716E-40E4-BE69-D404C4536B53}.Debug|Any CPU.ActiveCfg = Debug|Any CPU
		{1FB0F120-716E-40E4-BE69-D404C4536B53}.Debug|Any CPU.Build.0 = Debug|Any CPU
		{1FB0F120-716E-40E4-BE69-D404C4536B53}.Release|Any CPU.ActiveCfg = Release|Any CPU
		{1FB0F120-716E-40E4-BE69-D404C4536B53}.Release|Any CPU.Build.0 = Release|Any CPU
		{9D99E75B-DE08-4201-97BD-77DFC36F1E83}.Debug|Any CPU.ActiveCfg = Debug|Any CPU
		{9D99E75B-DE08-4201-97BD-77DFC36F1E83}.Debug|Any CPU.Build.0 = Debug|Any CPU
		{9D99E75B-DE08-4201-97BD-77DFC36F1E83}.Release|Any CPU.ActiveCfg = Release|Any CPU
		{9D99E75B-DE08-4201-97BD-77DFC36F1E83}.Release|Any CPU.Build.0 = Release|Any CPU
		{63705615-137C-4B06-8D0C-A0FE40C69D75}.Debug|Any CPU.ActiveCfg = Debug|Any CPU
		{63705615-137C-4B06-8D0C-A0FE40C69D75}.Debug|Any CPU.Build.0 = Debug|Any CPU
		{63705615-137C-4B06-8D0C-A0FE40C69D75}.Release|Any CPU.ActiveCfg = Release|Any CPU
		{63705615-137C-4B06-8D0C-A0FE40C69D75}.Release|Any CPU.Build.0 = Release|Any CPU
	EndGlobalSection
	GlobalSection(SolutionProperties) = preSolution
		HideSolutionNode = FALSE
	EndGlobalSection
	GlobalSection(NestedProjects) = preSolution
		{0C9DC49A-335A-40C1-9642-1C5EEDC95E79} = {02EA681E-C7D8-13C7-8484-4AC65E1B71E8}
		{F546090C-5B4B-43DB-98E1-AE9C01A1AF24} = {02EA681E-C7D8-13C7-8484-4AC65E1B71E8}
		{0B0E5242-32DF-4912-BE92-9E5F5249BCCA} = {02EA681E-C7D8-13C7-8484-4AC65E1B71E8}
		{F0149081-50FA-465F-956B-B6F72CEBB591} = {E60AB95B-47C3-4620-9FA4-3C7FF8B73E26}
		{A1B2C3D4-5E6F-7890-ABCD-EF1234567890} = {E60AB95B-47C3-4620-9FA4-3C7FF8B73E26}
		{1FB0F120-716E-40E4-BE69-D404C4536B53} = {02EA681E-C7D8-13C7-8484-4AC65E1B71E8}
		{9D99E75B-DE08-4201-97BD-77DFC36F1E83} = {02EA681E-C7D8-13C7-8484-4AC65E1B71E8}
		{63705615-137C-4B06-8D0C-A0FE40C69D75} = {02EA681E-C7D8-13C7-8484-4AC65E1B71E8}
	EndGlobalSection
	GlobalSection(ExtensibilityGlobals) = postSolution
		SolutionGuid = {1C7C8444-BE63-40F5-8669-7F95DC96B24C}
	EndGlobalSection
EndGlobal
